
Microsoft Visual Studio Solution File, Format Version 12.00
# Visual Studio 15
VisualStudioVersion = 15.0.26430.14
MinimumVisualStudioVersion = 10.0.40219.1
Project("{2150E333-8FDC-42A3-9474-1A3956D46DE8}") = "src", "src", "{3720FAF1-AC43-443C-A787-E4D955EB1D90}"
EndProject
Project("{2150E333-8FDC-42A3-9474-1A3956D46DE8}") = "tests", "tests", "{7AF18D12-8CE5-4E40-AAE6-8D57C6058577}"
EndProject
Project("{2150E333-8FDC-42A3-9474-1A3956D46DE8}") = "docs", "docs", "{97EB5D81-F11B-4F8E-8301-6954950AEFFF}"
EndProject
Project("{2150E333-8FDC-42A3-9474-1A3956D46DE8}") = "samples", "samples", "{54244F42-E28E-41BA-8558-2CD952E0DCB7}"
EndProject
Project("{9A19103F-16F7-4668-BE54-9A1E7A4F7556}") = "Beetle.Server", "src\Beetle.Server\Beetle.Server.csproj", "{CEE6067A-D3C5-4869-897A-13EB6090051A}"
EndProject
Project("{9A19103F-16F7-4668-BE54-9A1E7A4F7556}") = "Beetle.Meta", "src\Beetle.Meta\Beetle.Meta.csproj", "{28D5CBD9-D5CD-4100-8B06-45040868DDDB}"
EndProject
Project("{FAE04EC0-301F-11D3-BF4B-00C04F79EFBC}") = "Beetle.Mvc", "src\Beetle.Mvc\Beetle.Mvc.csproj", "{F1BB57BE-8859-49BF-A9C6-95446C132D69}"
EndProject
Project("{FAE04EC0-301F-11D3-BF4B-00C04F79EFBC}") = "Beetle.WebApi", "src\Beetle.WebApi\Beetle.WebApi.csproj", "{4324C4BB-2B27-4656-8B23-C93023B5FDC6}"
EndProject
Project("{FAE04EC0-301F-11D3-BF4B-00C04F79EFBC}") = "Beetle.EntityFramework", "src\Beetle.EntityFramework\Beetle.EntityFramework.csproj", "{C7052C0A-05B3-486A-B518-BFB45E23DF16}"
EndProject
Project("{FAE04EC0-301F-11D3-BF4B-00C04F79EFBC}") = "Beetle.Client", "src\Beetle.Client\Beetle.Client.csproj", "{4B56325D-C6F2-40D1-885B-78792720D92B}"
EndProject
Project("{9A19103F-16F7-4668-BE54-9A1E7A4F7556}") = "Beetle.MvcCore", "src\Beetle.MvcCore\Beetle.MvcCore.csproj", "{72C8147D-ABD2-44E3-84A3-47C4E4826312}"
EndProject
Project("{9A19103F-16F7-4668-BE54-9A1E7A4F7556}") = "Beetle.CSharpClient", "src\Beetle.CSharpClient\Beetle.CSharpClient.csproj", "{1909C42A-2D98-47FE-AB21-DD2EE97B493A}"
EndProject
Project("{9A19103F-16F7-4668-BE54-9A1E7A4F7556}") = "Beetle.EntityFrameworkCore", "src\Beetle.EntityFrameworkCore\Beetle.EntityFrameworkCore.csproj", "{F54E6978-7527-4341-BFD9-759A05888B6D}"
EndProject
Global
	GlobalSection(SolutionConfigurationPlatforms) = preSolution
		Debug|Any CPU = Debug|Any CPU
		Release|Any CPU = Release|Any CPU
	EndGlobalSection
	GlobalSection(ProjectConfigurationPlatforms) = postSolution
		{CEE6067A-D3C5-4869-897A-13EB6090051A}.Debug|Any CPU.ActiveCfg = Debug|Any CPU
		{CEE6067A-D3C5-4869-897A-13EB6090051A}.Debug|Any CPU.Build.0 = Debug|Any CPU
		{CEE6067A-D3C5-4869-897A-13EB6090051A}.Release|Any CPU.ActiveCfg = Release|Any CPU
		{CEE6067A-D3C5-4869-897A-13EB6090051A}.Release|Any CPU.Build.0 = Release|Any CPU
		{28D5CBD9-D5CD-4100-8B06-45040868DDDB}.Debug|Any CPU.ActiveCfg = Debug|Any CPU
		{28D5CBD9-D5CD-4100-8B06-45040868DDDB}.Debug|Any CPU.Build.0 = Debug|Any CPU
		{28D5CBD9-D5CD-4100-8B06-45040868DDDB}.Release|Any CPU.ActiveCfg = Release|Any CPU
		{28D5CBD9-D5CD-4100-8B06-45040868DDDB}.Release|Any CPU.Build.0 = Release|Any CPU
		{F1BB57BE-8859-49BF-A9C6-95446C132D69}.Debug|Any CPU.ActiveCfg = Debug|Any CPU
		{F1BB57BE-8859-49BF-A9C6-95446C132D69}.Debug|Any CPU.Build.0 = Debug|Any CPU
		{F1BB57BE-8859-49BF-A9C6-95446C132D69}.Release|Any CPU.ActiveCfg = Release|Any CPU
		{F1BB57BE-8859-49BF-A9C6-95446C132D69}.Release|Any CPU.Build.0 = Release|Any CPU
		{4324C4BB-2B27-4656-8B23-C93023B5FDC6}.Debug|Any CPU.ActiveCfg = Debug|Any CPU
		{4324C4BB-2B27-4656-8B23-C93023B5FDC6}.Debug|Any CPU.Build.0 = Debug|Any CPU
		{4324C4BB-2B27-4656-8B23-C93023B5FDC6}.Release|Any CPU.ActiveCfg = Release|Any CPU
		{4324C4BB-2B27-4656-8B23-C93023B5FDC6}.Release|Any CPU.Build.0 = Release|Any CPU
		{C7052C0A-05B3-486A-B518-BFB45E23DF16}.Debug|Any CPU.ActiveCfg = Debug|Any CPU
		{C7052C0A-05B3-486A-B518-BFB45E23DF16}.Debug|Any CPU.Build.0 = Debug|Any CPU
		{C7052C0A-05B3-486A-B518-BFB45E23DF16}.Release|Any CPU.ActiveCfg = Release|Any CPU
		{C7052C0A-05B3-486A-B518-BFB45E23DF16}.Release|Any CPU.Build.0 = Release|Any CPU
		{4B56325D-C6F2-40D1-885B-78792720D92B}.Debug|Any CPU.ActiveCfg = Debug|Any CPU
		{4B56325D-C6F2-40D1-885B-78792720D92B}.Debug|Any CPU.Build.0 = Debug|Any CPU
		{4B56325D-C6F2-40D1-885B-78792720D92B}.Release|Any CPU.ActiveCfg = Release|Any CPU
		{4B56325D-C6F2-40D1-885B-78792720D92B}.Release|Any CPU.Build.0 = Release|Any CPU
		{72C8147D-ABD2-44E3-84A3-47C4E4826312}.Debug|Any CPU.ActiveCfg = Debug|Any CPU
		{72C8147D-ABD2-44E3-84A3-47C4E4826312}.Debug|Any CPU.Build.0 = Debug|Any CPU
		{72C8147D-ABD2-44E3-84A3-47C4E4826312}.Release|Any CPU.ActiveCfg = Release|Any CPU
		{72C8147D-ABD2-44E3-84A3-47C4E4826312}.Release|Any CPU.Build.0 = Release|Any CPU
		{1909C42A-2D98-47FE-AB21-DD2EE97B493A}.Debug|Any CPU.ActiveCfg = Debug|Any CPU
		{1909C42A-2D98-47FE-AB21-DD2EE97B493A}.Debug|Any CPU.Build.0 = Debug|Any CPU
		{1909C42A-2D98-47FE-AB21-DD2EE97B493A}.Release|Any CPU.ActiveCfg = Release|Any CPU
		{1909C42A-2D98-47FE-AB21-DD2EE97B493A}.Release|Any CPU.Build.0 = Release|Any CPU
		{F54E6978-7527-4341-BFD9-759A05888B6D}.Debug|Any CPU.ActiveCfg = Debug|Any CPU
		{F54E6978-7527-4341-BFD9-759A05888B6D}.Debug|Any CPU.Build.0 = Debug|Any CPU
		{F54E6978-7527-4341-BFD9-759A05888B6D}.Release|Any CPU.ActiveCfg = Release|Any CPU
		{F54E6978-7527-4341-BFD9-759A05888B6D}.Release|Any CPU.Build.0 = Release|Any CPU
	EndGlobalSection
	GlobalSection(SolutionProperties) = preSolution
		HideSolutionNode = FALSE
	EndGlobalSection
	GlobalSection(NestedProjects) = preSolution
		{CEE6067A-D3C5-4869-897A-13EB6090051A} = {3720FAF1-AC43-443C-A787-E4D955EB1D90}
		{28D5CBD9-D5CD-4100-8B06-45040868DDDB} = {3720FAF1-AC43-443C-A787-E4D955EB1D90}
		{F1BB57BE-8859-49BF-A9C6-95446C132D69} = {3720FAF1-AC43-443C-A787-E4D955EB1D90}
		{4324C4BB-2B27-4656-8B23-C93023B5FDC6} = {3720FAF1-AC43-443C-A787-E4D955EB1D90}
		{C7052C0A-05B3-486A-B518-BFB45E23DF16} = {3720FAF1-AC43-443C-A787-E4D955EB1D90}
		{4B56325D-C6F2-40D1-885B-78792720D92B} = {3720FAF1-AC43-443C-A787-E4D955EB1D90}
		{72C8147D-ABD2-44E3-84A3-47C4E4826312} = {3720FAF1-AC43-443C-A787-E4D955EB1D90}
		{1909C42A-2D98-47FE-AB21-DD2EE97B493A} = {3720FAF1-AC43-443C-A787-E4D955EB1D90}
		{F54E6978-7527-4341-BFD9-759A05888B6D} = {3720FAF1-AC43-443C-A787-E4D955EB1D90}
	EndGlobalSection
EndGlobal
