
Microsoft Visual Studio Solution File, Format Version 12.00
# Visual Studio 14
VisualStudioVersion = 14.0.25420.1
MinimumVisualStudioVersion = 10.0.40219.1
Project("{2150E333-8FDC-42A3-9474-1A3956D46DE8}") = "_Shared", "_Shared", "{C70CF31F-C02A-4A6B-A0ED-14B600674D45}"
	ProjectSection(SolutionItems) = preProject
		_Shared\Beetle.snk = _Shared\Beetle.snk
		_Shared\favicon.ico = _Shared\favicon.ico
		_Shared\GlobalAssemblyInfo.cs = _Shared\GlobalAssemblyInfo.cs
		_Shared\icon.zip = _Shared\icon.zip
		_Shared\logo.zip = _Shared\logo.zip
	EndProjectSection
EndProject
Project("{2150E333-8FDC-42A3-9474-1A3956D46DE8}") = "_NuGet Packages", "_NuGet Packages", "{FC020D39-AB65-4394-B3F8-BF1602C68A65}"
	ProjectSection(SolutionItems) = preProject
		_NuGet Packages\Beetlejs.Client.nuspec = _NuGet Packages\Beetlejs.Client.nuspec
		_NuGet Packages\Beetlejs.Client.TypeScript.nuspec = _NuGet Packages\Beetlejs.Client.TypeScript.nuspec
		_NuGet Packages\Beetlejs.EF6.nuspec = _NuGet Packages\Beetlejs.EF6.nuspec
		_NuGet Packages\Beetlejs.Mvc5.EF6.Sample.nuspec = _NuGet Packages\Beetlejs.Mvc5.EF6.Sample.nuspec
		_NuGet Packages\Beetlejs.Mvc5.nuspec = _NuGet Packages\Beetlejs.Mvc5.nuspec
		_NuGet Packages\Beetlejs.Server.nuspec = _NuGet Packages\Beetlejs.Server.nuspec
		_NuGet Packages\Beetlejs.WebApi2.EF6.Sample.nuspec = _NuGet Packages\Beetlejs.WebApi2.EF6.Sample.nuspec
		_NuGet Packages\Beetlejs.WebApi2.nuspec = _NuGet Packages\Beetlejs.WebApi2.nuspec
		_NuGet Packages\Pack.ps1 = _NuGet Packages\Pack.ps1
	EndProjectSection
EndProject
Project("{2150E333-8FDC-42A3-9474-1A3956D46DE8}") = "lib", "lib", "{EECD6D87-AB15-4624-B0C5-CB43288023D2}"
EndProject
Project("{2150E333-8FDC-42A3-9474-1A3956D46DE8}") = "content", "content", "{F57E712A-343A-4ED8-A199-8159E995FC42}"
EndProject
Project("{2150E333-8FDC-42A3-9474-1A3956D46DE8}") = "App_Start", "App_Start", "{58BFE415-66D6-4A47-99D4-C9ED1012C379}"
	ProjectSection(SolutionItems) = preProject
		_NuGet Packages\content\App_Start\BeetleWebApiConfig.cs.pp = _NuGet Packages\content\App_Start\BeetleWebApiConfig.cs.pp
		_NuGet Packages\content\App_Start\TodoRouteConfig.cs.pp = _NuGet Packages\content\App_Start\TodoRouteConfig.cs.pp
	EndProjectSection
EndProject
Project("{2150E333-8FDC-42A3-9474-1A3956D46DE8}") = "Content", "Content", "{17007987-9C20-43BD-B10B-A6F03B8630BA}"
	ProjectSection(SolutionItems) = preProject
		_NuGet Packages\content\Content\base.css = _NuGet Packages\content\Content\base.css
		_NuGet Packages\content\Content\bg.png = _NuGet Packages\content\Content\bg.png
		_NuGet Packages\content\Content\toastr.css = _NuGet Packages\content\Content\toastr.css
	EndProjectSection
EndProject
Project("{2150E333-8FDC-42A3-9474-1A3956D46DE8}") = "Controllers", "Controllers", "{BFF07E2C-9755-4BB5-80FB-817D02D64E92}"
	ProjectSection(SolutionItems) = preProject
		_NuGet Packages\content\Controllers\TodoApiController.cs.pp = _NuGet Packages\content\Controllers\TodoApiController.cs.pp
		_NuGet Packages\content\Controllers\TodoController.cs.pp = _NuGet Packages\content\Controllers\TodoController.cs.pp
		_NuGet Packages\content\Controllers\TodoMvcController.cs.pp = _NuGet Packages\content\Controllers\TodoMvcController.cs.pp
	EndProjectSection
EndProject
Project("{2150E333-8FDC-42A3-9474-1A3956D46DE8}") = "Models", "Models", "{470308A2-913F-4082-8B1D-EBCB8143DEFC}"
	ProjectSection(SolutionItems) = preProject
		_NuGet Packages\content\Models\Todo.cs.pp = _NuGet Packages\content\Models\Todo.cs.pp
		_NuGet Packages\content\Models\TodoContext.cs.pp = _NuGet Packages\content\Models\TodoContext.cs.pp
		_NuGet Packages\content\Models\TodoDbInitializer.cs.pp = _NuGet Packages\content\Models\TodoDbInitializer.cs.pp
	EndProjectSection
EndProject
Project("{2150E333-8FDC-42A3-9474-1A3956D46DE8}") = "Scripts", "Scripts", "{35E531B4-7915-49A6-A488-C4ECFB0F6E05}"
	ProjectSection(SolutionItems) = preProject
		_NuGet Packages\content\Scripts\jquery-1.8.3.min.js = _NuGet Packages\content\Scripts\jquery-1.8.3.min.js
		_NuGet Packages\content\Scripts\knockout.js = _NuGet Packages\content\Scripts\knockout.js
		_NuGet Packages\content\Scripts\toastr.js = _NuGet Packages\content\Scripts\toastr.js
	EndProjectSection
EndProject
Project("{2150E333-8FDC-42A3-9474-1A3956D46DE8}") = "App", "App", "{83816CDD-2340-46EC-A2E5-015DCC329FB7}"
	ProjectSection(SolutionItems) = preProject
		_NuGet Packages\content\Scripts\App\director.js = _NuGet Packages\content\Scripts\App\director.js
	EndProjectSection
EndProject
Project("{2150E333-8FDC-42A3-9474-1A3956D46DE8}") = "Views", "Views", "{5EA2401F-7FEA-45D3-9323-B3FA5F3FB4AF}"
EndProject
Project("{2150E333-8FDC-42A3-9474-1A3956D46DE8}") = "Todo", "Todo", "{A176F157-D4E6-470A-BA94-500675F3D9F7}"
	ProjectSection(SolutionItems) = preProject
		_NuGet Packages\content\Views\Todo\Index.cshtml = _NuGet Packages\content\Views\Todo\Index.cshtml
	EndProjectSection
EndProject
Project("{2150E333-8FDC-42A3-9474-1A3956D46DE8}") = "WebApi", "WebApi", "{162422A2-D83E-420F-AD86-8D8F96A9B349}"
	ProjectSection(SolutionItems) = preProject
		_NuGet Packages\content\Scripts\App\WebApi\app.js = _NuGet Packages\content\Scripts\App\WebApi\app.js
	EndProjectSection
EndProject
Project("{2150E333-8FDC-42A3-9474-1A3956D46DE8}") = "Mvc", "Mvc", "{440D7CDA-3790-4C31-A431-1E86461A1708}"
	ProjectSection(SolutionItems) = preProject
		_NuGet Packages\content\Scripts\App\Mvc\app.js = _NuGet Packages\content\Scripts\App\Mvc\app.js
	EndProjectSection
EndProject
Project("{2150E333-8FDC-42A3-9474-1A3956D46DE8}") = ".nuget", ".nuget", "{B0B37508-2AF4-4483-9741-B58819857267}"
	ProjectSection(SolutionItems) = preProject
		.nuget\NuGet.Config = .nuget\NuGet.Config
	EndProjectSection
EndProject
Project("{FAE04EC0-301F-11D3-BF4B-00C04F79EFBC}") = "Beetle.Server", "Beetle.Server\Beetle.Server.csproj", "{4CD3AB61-3219-42F4-A93C-1F09FAF9B6CE}"
EndProject
Project("{FAE04EC0-301F-11D3-BF4B-00C04F79EFBC}") = "Beetle.Client", "Beetle.Client\Beetle.Client.csproj", "{354785D1-97DA-4A51-BCA0-E69D037A4FF3}"
EndProject
Project("{FAE04EC0-301F-11D3-BF4B-00C04F79EFBC}") = "Beetle.Server.EntityFramework6", "Beetle.Server.EntityFramework6\Beetle.Server.EntityFramework6.csproj", "{1F3AAED6-3477-4729-9E6A-E763FB327FC1}"
EndProject
Project("{FAE04EC0-301F-11D3-BF4B-00C04F79EFBC}") = "Beetle.Server.WebApi2", "Beetle.Server.WebApi2\Beetle.Server.WebApi2.csproj", "{C7F93A33-D3EC-4A14-B57A-54C2EE2D66E3}"
EndProject
Project("{FAE04EC0-301F-11D3-BF4B-00C04F79EFBC}") = "Beetle.Server.Mvc5", "Beetle.Server.Mvc5\Beetle.Server.Mvc5.csproj", "{CD35330D-DEFE-4BD3-BC75-16D09AD21B41}"
EndProject
Global
	GlobalSection(SolutionConfigurationPlatforms) = preSolution
		Debug|Any CPU = Debug|Any CPU
		Release|Any CPU = Release|Any CPU
	EndGlobalSection
	GlobalSection(ProjectConfigurationPlatforms) = postSolution
		{4CD3AB61-3219-42F4-A93C-1F09FAF9B6CE}.Debug|Any CPU.ActiveCfg = Debug|Any CPU
		{4CD3AB61-3219-42F4-A93C-1F09FAF9B6CE}.Debug|Any CPU.Build.0 = Debug|Any CPU
		{4CD3AB61-3219-42F4-A93C-1F09FAF9B6CE}.Release|Any CPU.ActiveCfg = Release|Any CPU
		{4CD3AB61-3219-42F4-A93C-1F09FAF9B6CE}.Release|Any CPU.Build.0 = Release|Any CPU
		{354785D1-97DA-4A51-BCA0-E69D037A4FF3}.Debug|Any CPU.ActiveCfg = Debug|Any CPU
		{354785D1-97DA-4A51-BCA0-E69D037A4FF3}.Debug|Any CPU.Build.0 = Debug|Any CPU
		{354785D1-97DA-4A51-BCA0-E69D037A4FF3}.Release|Any CPU.ActiveCfg = Release|Any CPU
		{354785D1-97DA-4A51-BCA0-E69D037A4FF3}.Release|Any CPU.Build.0 = Release|Any CPU
		{1F3AAED6-3477-4729-9E6A-E763FB327FC1}.Debug|Any CPU.ActiveCfg = Debug|Any CPU
		{1F3AAED6-3477-4729-9E6A-E763FB327FC1}.Debug|Any CPU.Build.0 = Debug|Any CPU
		{1F3AAED6-3477-4729-9E6A-E763FB327FC1}.Release|Any CPU.ActiveCfg = Release|Any CPU
		{1F3AAED6-3477-4729-9E6A-E763FB327FC1}.Release|Any CPU.Build.0 = Release|Any CPU
		{C7F93A33-D3EC-4A14-B57A-54C2EE2D66E3}.Debug|Any CPU.ActiveCfg = Debug|Any CPU
		{C7F93A33-D3EC-4A14-B57A-54C2EE2D66E3}.Debug|Any CPU.Build.0 = Debug|Any CPU
		{C7F93A33-D3EC-4A14-B57A-54C2EE2D66E3}.Release|Any CPU.ActiveCfg = Release|Any CPU
		{C7F93A33-D3EC-4A14-B57A-54C2EE2D66E3}.Release|Any CPU.Build.0 = Release|Any CPU
		{CD35330D-DEFE-4BD3-BC75-16D09AD21B41}.Debug|Any CPU.ActiveCfg = Debug|Any CPU
		{CD35330D-DEFE-4BD3-BC75-16D09AD21B41}.Debug|Any CPU.Build.0 = Debug|Any CPU
		{CD35330D-DEFE-4BD3-BC75-16D09AD21B41}.Release|Any CPU.ActiveCfg = Release|Any CPU
		{CD35330D-DEFE-4BD3-BC75-16D09AD21B41}.Release|Any CPU.Build.0 = Release|Any CPU
	EndGlobalSection
	GlobalSection(SolutionProperties) = preSolution
		HideSolutionNode = FALSE
	EndGlobalSection
	GlobalSection(NestedProjects) = preSolution
		{EECD6D87-AB15-4624-B0C5-CB43288023D2} = {FC020D39-AB65-4394-B3F8-BF1602C68A65}
		{F57E712A-343A-4ED8-A199-8159E995FC42} = {FC020D39-AB65-4394-B3F8-BF1602C68A65}
		{58BFE415-66D6-4A47-99D4-C9ED1012C379} = {F57E712A-343A-4ED8-A199-8159E995FC42}
		{17007987-9C20-43BD-B10B-A6F03B8630BA} = {F57E712A-343A-4ED8-A199-8159E995FC42}
		{BFF07E2C-9755-4BB5-80FB-817D02D64E92} = {F57E712A-343A-4ED8-A199-8159E995FC42}
		{470308A2-913F-4082-8B1D-EBCB8143DEFC} = {F57E712A-343A-4ED8-A199-8159E995FC42}
		{35E531B4-7915-49A6-A488-C4ECFB0F6E05} = {F57E712A-343A-4ED8-A199-8159E995FC42}
		{83816CDD-2340-46EC-A2E5-015DCC329FB7} = {35E531B4-7915-49A6-A488-C4ECFB0F6E05}
		{5EA2401F-7FEA-45D3-9323-B3FA5F3FB4AF} = {F57E712A-343A-4ED8-A199-8159E995FC42}
		{A176F157-D4E6-470A-BA94-500675F3D9F7} = {5EA2401F-7FEA-45D3-9323-B3FA5F3FB4AF}
		{162422A2-D83E-420F-AD86-8D8F96A9B349} = {83816CDD-2340-46EC-A2E5-015DCC329FB7}
		{440D7CDA-3790-4C31-A431-1E86461A1708} = {83816CDD-2340-46EC-A2E5-015DCC329FB7}
	EndGlobalSection
EndGlobal
